// !$*UTF8*$!
{
	archiveVersion = 1;
	classes = {
	};
	objectVersion = 56;
	objects = {

/* Begin PBXBuildFile section */
		2D192ECD294317C600E6F34C /* Assets.xcassets in Resources */ = {isa = PBXBuildFile; fileRef = 2D192ECC294317C600E6F34C /* Assets.xcassets */; };
		2D78F4E72942143B00BE80C7 /* EffectiveMobileTestApp.swift in Sources */ = {isa = PBXBuildFile; fileRef = 2D78F4E62942143B00BE80C7 /* EffectiveMobileTestApp.swift */; };
		2D78F4EE2942143D00BE80C7 /* Preview Assets.xcassets in Resources */ = {isa = PBXBuildFile; fileRef = 2D78F4ED2942143D00BE80C7 /* Preview Assets.xcassets */; };
		2D78F4F62942154600BE80C7 /* CartManager.swift in Sources */ = {isa = PBXBuildFile; fileRef = 2D78F4F52942154600BE80C7 /* CartManager.swift */; };
		2D78F4F82942157600BE80C7 /* Category.swift in Sources */ = {isa = PBXBuildFile; fileRef = 2D78F4F72942157600BE80C7 /* Category.swift */; };
		2D78F4FA294215B200BE80C7 /* CategoryLoader.swift in Sources */ = {isa = PBXBuildFile; fileRef = 2D78F4F9294215B200BE80C7 /* CategoryLoader.swift */; };
		2D78F4FC294215F100BE80C7 /* NetworkServiceManager.swift in Sources */ = {isa = PBXBuildFile; fileRef = 2D78F4FB294215F100BE80C7 /* NetworkServiceManager.swift */; };
		2D78F4FE2942161A00BE80C7 /* ProductCartModel.swift in Sources */ = {isa = PBXBuildFile; fileRef = 2D78F4FD2942161A00BE80C7 /* ProductCartModel.swift */; };
		2D78F5002942164300BE80C7 /* ShopModel.swift in Sources */ = {isa = PBXBuildFile; fileRef = 2D78F4FF2942164300BE80C7 /* ShopModel.swift */; };
		2D78F503294216AB00BE80C7 /* LoadImage.swift in Sources */ = {isa = PBXBuildFile; fileRef = 2D78F502294216AB00BE80C7 /* LoadImage.swift */; };
		2D78F5062942176E00BE80C7 /* AsyncImages.swift in Sources */ = {isa = PBXBuildFile; fileRef = 2D78F5052942176E00BE80C7 /* AsyncImages.swift */; };
		2D78F508294217B500BE80C7 /* CartPage.swift in Sources */ = {isa = PBXBuildFile; fileRef = 2D78F507294217B500BE80C7 /* CartPage.swift */; };
		2D78F50A294217E700BE80C7 /* FilterSheet.swift in Sources */ = {isa = PBXBuildFile; fileRef = 2D78F509294217E700BE80C7 /* FilterSheet.swift */; };
		2D78F50C2942185700BE80C7 /* HomePage.swift in Sources */ = {isa = PBXBuildFile; fileRef = 2D78F50B2942185700BE80C7 /* HomePage.swift */; };
		2D78F50E2942187B00BE80C7 /* LikePage.swift in Sources */ = {isa = PBXBuildFile; fileRef = 2D78F50D2942187B00BE80C7 /* LikePage.swift */; };
		2D78F510294218AA00BE80C7 /* LoadingPage.swift in Sources */ = {isa = PBXBuildFile; fileRef = 2D78F50F294218AA00BE80C7 /* LoadingPage.swift */; };
		2D78F512294218DF00BE80C7 /* ProductCardPage.swift in Sources */ = {isa = PBXBuildFile; fileRef = 2D78F511294218DF00BE80C7 /* ProductCardPage.swift */; };
		2D78F5142942190F00BE80C7 /* ProfilePage.swift in Sources */ = {isa = PBXBuildFile; fileRef = 2D78F5132942190F00BE80C7 /* ProfilePage.swift */; };
		2D78F5162942193200BE80C7 /* StepperSheet.swift in Sources */ = {isa = PBXBuildFile; fileRef = 2D78F5152942193200BE80C7 /* StepperSheet.swift */; };
		2D78F51929421A2400BE80C7 /* ColorHex.swift in Sources */ = {isa = PBXBuildFile; fileRef = 2D78F51829421A2400BE80C7 /* ColorHex.swift */; };
		2D78F51B29421A3D00BE80C7 /* Color.swift in Sources */ = {isa = PBXBuildFile; fileRef = 2D78F51A29421A3D00BE80C7 /* Color.swift */; };
		2D78F51E29421BD400BE80C7 /* Font.swift in Sources */ = {isa = PBXBuildFile; fileRef = 2D78F51D29421BD400BE80C7 /* Font.swift */; };
		2D78F52029421C3300BE80C7 /* SF-Pro-Display.OTF in Resources */ = {isa = PBXBuildFile; fileRef = 2D78F51F29421C3300BE80C7 /* SF-Pro-Display.OTF */; };
		2D78F52229421C3C00BE80C7 /* MarkPro-Regular.ttf in Resources */ = {isa = PBXBuildFile; fileRef = 2D78F52129421C3C00BE80C7 /* MarkPro-Regular.ttf */; };
		2D78F52429421C4200BE80C7 /* MarkPro-Medium.ttf in Resources */ = {isa = PBXBuildFile; fileRef = 2D78F52329421C4200BE80C7 /* MarkPro-Medium.ttf */; };
		2D78F52629421C4900BE80C7 /* MarkPro-Bold.ttf in Resources */ = {isa = PBXBuildFile; fileRef = 2D78F52529421C4900BE80C7 /* MarkPro-Bold.ttf */; };
		2D78F52829421C9F00BE80C7 /* CartModel.swift in Sources */ = {isa = PBXBuildFile; fileRef = 2D78F52729421C9F00BE80C7 /* CartModel.swift */; };
/* End PBXBuildFile section */

/* Begin PBXFileReference section */
		2D192ECC294317C600E6F34C /* Assets.xcassets */ = {isa = PBXFileReference; lastKnownFileType = folder.assetcatalog; path = Assets.xcassets; sourceTree = "<group>"; };
		2D78F4E32942143B00BE80C7 /* EffectiveMobileTest.app */ = {isa = PBXFileReference; explicitFileType = wrapper.application; includeInIndex = 0; path = EffectiveMobileTest.app; sourceTree = BUILT_PRODUCTS_DIR; };
		2D78F4E62942143B00BE80C7 /* EffectiveMobileTestApp.swift */ = {isa = PBXFileReference; lastKnownFileType = sourcecode.swift; path = EffectiveMobileTestApp.swift; sourceTree = "<group>"; };
		2D78F4ED2942143D00BE80C7 /* Preview Assets.xcassets */ = {isa = PBXFileReference; lastKnownFileType = folder.assetcatalog; path = "Preview Assets.xcassets"; sourceTree = "<group>"; };
		2D78F4F52942154600BE80C7 /* CartManager.swift */ = {isa = PBXFileReference; lastKnownFileType = sourcecode.swift; path = CartManager.swift; sourceTree = "<group>"; };
		2D78F4F72942157600BE80C7 /* Category.swift */ = {isa = PBXFileReference; lastKnownFileType = sourcecode.swift; path = Category.swift; sourceTree = "<group>"; };
		2D78F4F9294215B200BE80C7 /* CategoryLoader.swift */ = {isa = PBXFileReference; lastKnownFileType = sourcecode.swift; path = CategoryLoader.swift; sourceTree = "<group>"; };
		2D78F4FB294215F100BE80C7 /* NetworkServiceManager.swift */ = {isa = PBXFileReference; lastKnownFileType = sourcecode.swift; path = NetworkServiceManager.swift; sourceTree = "<group>"; };
		2D78F4FD2942161A00BE80C7 /* ProductCartModel.swift */ = {isa = PBXFileReference; lastKnownFileType = sourcecode.swift; path = ProductCartModel.swift; sourceTree = "<group>"; };
		2D78F4FF2942164300BE80C7 /* ShopModel.swift */ = {isa = PBXFileReference; lastKnownFileType = sourcecode.swift; path = ShopModel.swift; sourceTree = "<group>"; };
		2D78F502294216AB00BE80C7 /* LoadImage.swift */ = {isa = PBXFileReference; lastKnownFileType = sourcecode.swift; path = LoadImage.swift; sourceTree = "<group>"; };
		2D78F5052942176E00BE80C7 /* AsyncImages.swift */ = {isa = PBXFileReference; lastKnownFileType = sourcecode.swift; path = AsyncImages.swift; sourceTree = "<group>"; };
		2D78F507294217B500BE80C7 /* CartPage.swift */ = {isa = PBXFileReference; lastKnownFileType = sourcecode.swift; path = CartPage.swift; sourceTree = "<group>"; };
		2D78F509294217E700BE80C7 /* FilterSheet.swift */ = {isa = PBXFileReference; lastKnownFileType = sourcecode.swift; path = FilterSheet.swift; sourceTree = "<group>"; };
		2D78F50B2942185700BE80C7 /* HomePage.swift */ = {isa = PBXFileReference; lastKnownFileType = sourcecode.swift; path = HomePage.swift; sourceTree = "<group>"; };
		2D78F50D2942187B00BE80C7 /* LikePage.swift */ = {isa = PBXFileReference; lastKnownFileType = sourcecode.swift; path = LikePage.swift; sourceTree = "<group>"; };
		2D78F50F294218AA00BE80C7 /* LoadingPage.swift */ = {isa = PBXFileReference; lastKnownFileType = sourcecode.swift; path = LoadingPage.swift; sourceTree = "<group>"; };
		2D78F511294218DF00BE80C7 /* ProductCardPage.swift */ = {isa = PBXFileReference; lastKnownFileType = sourcecode.swift; path = ProductCardPage.swift; sourceTree = "<group>"; };
		2D78F5132942190F00BE80C7 /* ProfilePage.swift */ = {isa = PBXFileReference; lastKnownFileType = sourcecode.swift; path = ProfilePage.swift; sourceTree = "<group>"; };
		2D78F5152942193200BE80C7 /* StepperSheet.swift */ = {isa = PBXFileReference; lastKnownFileType = sourcecode.swift; path = StepperSheet.swift; sourceTree = "<group>"; };
		2D78F51829421A2400BE80C7 /* ColorHex.swift */ = {isa = PBXFileReference; lastKnownFileType = sourcecode.swift; path = ColorHex.swift; sourceTree = "<group>"; };
		2D78F51A29421A3D00BE80C7 /* Color.swift */ = {isa = PBXFileReference; lastKnownFileType = sourcecode.swift; path = Color.swift; sourceTree = "<group>"; };
		2D78F51D29421BD400BE80C7 /* Font.swift */ = {isa = PBXFileReference; lastKnownFileType = sourcecode.swift; path = Font.swift; sourceTree = "<group>"; };
		2D78F51F29421C3300BE80C7 /* SF-Pro-Display.OTF */ = {isa = PBXFileReference; lastKnownFileType = file; path = "SF-Pro-Display.OTF"; sourceTree = "<group>"; };
		2D78F52129421C3C00BE80C7 /* MarkPro-Regular.ttf */ = {isa = PBXFileReference; lastKnownFileType = file; path = "MarkPro-Regular.ttf"; sourceTree = "<group>"; };
		2D78F52329421C4200BE80C7 /* MarkPro-Medium.ttf */ = {isa = PBXFileReference; lastKnownFileType = file; path = "MarkPro-Medium.ttf"; sourceTree = "<group>"; };
		2D78F52529421C4900BE80C7 /* MarkPro-Bold.ttf */ = {isa = PBXFileReference; lastKnownFileType = file; path = "MarkPro-Bold.ttf"; sourceTree = "<group>"; };
		2D78F52729421C9F00BE80C7 /* CartModel.swift */ = {isa = PBXFileReference; lastKnownFileType = sourcecode.swift; path = CartModel.swift; sourceTree = "<group>"; };
		2D78F529294222D700BE80C7 /* Info.plist */ = {isa = PBXFileReference; lastKnownFileType = text.plist.xml; path = Info.plist; sourceTree = "<group>"; };
/* End PBXFileReference section */

/* Begin PBXFrameworksBuildPhase section */
		2D78F4E02942143B00BE80C7 /* Frameworks */ = {
			isa = PBXFrameworksBuildPhase;
			buildActionMask = 2147483647;
			files = (
			);
			runOnlyForDeploymentPostprocessing = 0;
		};
/* End PBXFrameworksBuildPhase section */

/* Begin PBXGroup section */
		2D78F4DA2942143B00BE80C7 = {
			isa = PBXGroup;
			children = (
				2D78F4E52942143B00BE80C7 /* EffectiveMobileTest */,
				2D78F4E42942143B00BE80C7 /* Products */,
			);
			sourceTree = "<group>";
		};
		2D78F4E42942143B00BE80C7 /* Products */ = {
			isa = PBXGroup;
			children = (
				2D78F4E32942143B00BE80C7 /* EffectiveMobileTest.app */,
			);
			name = Products;
			sourceTree = "<group>";
		};
		2D78F4E52942143B00BE80C7 /* EffectiveMobileTest */ = {
			isa = PBXGroup;
			children = (
				2D78F4F4294214CD00BE80C7 /* Model */,
				2D78F5042942172A00BE80C7 /* View */,
				2D78F5012942169F00BE80C7 /* ViewModel */,
				2D78F517294219ED00BE80C7 /* Helpers */,
				2D78F4E62942143B00BE80C7 /* EffectiveMobileTestApp.swift */,
				2D78F529294222D700BE80C7 /* Info.plist */,
				2D192ECC294317C600E6F34C /* Assets.xcassets */,
				2D78F4EC2942143D00BE80C7 /* Preview Content */,
			);
			path = EffectiveMobileTest;
			sourceTree = "<group>";
		};
		2D78F4EC2942143D00BE80C7 /* Preview Content */ = {
			isa = PBXGroup;
			children = (
				2D78F4ED2942143D00BE80C7 /* Preview Assets.xcassets */,
			);
			path = "Preview Content";
			sourceTree = "<group>";
		};
		2D78F4F4294214CD00BE80C7 /* Model */ = {
			isa = PBXGroup;
			children = (
				2D78F4F72942157600BE80C7 /* Category.swift */,
				2D78F4F9294215B200BE80C7 /* CategoryLoader.swift */,
				2D78F4FD2942161A00BE80C7 /* ProductCartModel.swift */,
				2D78F4FF2942164300BE80C7 /* ShopModel.swift */,
				2D78F52729421C9F00BE80C7 /* CartModel.swift */,
			);
			path = Model;
			sourceTree = "<group>";
		};
		2D78F5012942169F00BE80C7 /* ViewModel */ = {
			isa = PBXGroup;
			children = (
				2D78F4F52942154600BE80C7 /* CartManager.swift */,
				2D78F4FB294215F100BE80C7 /* NetworkServiceManager.swift */,
				2D78F502294216AB00BE80C7 /* LoadImage.swift */,
			);
			path = ViewModel;
			sourceTree = "<group>";
		};
		2D78F5042942172A00BE80C7 /* View */ = {
			isa = PBXGroup;
			children = (
				2D78F5052942176E00BE80C7 /* AsyncImages.swift */,
				2D78F507294217B500BE80C7 /* CartPage.swift */,
				2D78F509294217E700BE80C7 /* FilterSheet.swift */,
				2D78F50B2942185700BE80C7 /* HomePage.swift */,
				2D78F50D2942187B00BE80C7 /* LikePage.swift */,
				2D78F50F294218AA00BE80C7 /* LoadingPage.swift */,
				2D78F511294218DF00BE80C7 /* ProductCardPage.swift */,
				2D78F5132942190F00BE80C7 /* ProfilePage.swift */,
				2D78F5152942193200BE80C7 /* StepperSheet.swift */,
			);
			path = View;
			sourceTree = "<group>";
		};
		2D78F517294219ED00BE80C7 /* Helpers */ = {
			isa = PBXGroup;
			children = (
				2D78F51C29421BC800BE80C7 /* Font */,
				2D78F51829421A2400BE80C7 /* ColorHex.swift */,
				2D78F51A29421A3D00BE80C7 /* Color.swift */,
			);
			path = Helpers;
			sourceTree = "<group>";
		};
		2D78F51C29421BC800BE80C7 /* Font */ = {
			isa = PBXGroup;
			children = (
				2D78F52529421C4900BE80C7 /* MarkPro-Bold.ttf */,
				2D78F52329421C4200BE80C7 /* MarkPro-Medium.ttf */,
				2D78F52129421C3C00BE80C7 /* MarkPro-Regular.ttf */,
				2D78F51F29421C3300BE80C7 /* SF-Pro-Display.OTF */,
				2D78F51D29421BD400BE80C7 /* Font.swift */,
			);
			path = Font;
			sourceTree = "<group>";
		};
/* End PBXGroup section */

/* Begin PBXNativeTarget section */
		2D78F4E22942143B00BE80C7 /* EffectiveMobileTest */ = {
			isa = PBXNativeTarget;
			buildConfigurationList = 2D78F4F12942143D00BE80C7 /* Build configuration list for PBXNativeTarget "EffectiveMobileTest" */;
			buildPhases = (
				2D78F4DF2942143B00BE80C7 /* Sources */,
				2D78F4E02942143B00BE80C7 /* Frameworks */,
				2D78F4E12942143B00BE80C7 /* Resources */,
			);
			buildRules = (
			);
			dependencies = (
			);
			name = EffectiveMobileTest;
			productName = EffectiveMobileTest;
			productReference = 2D78F4E32942143B00BE80C7 /* EffectiveMobileTest.app */;
			productType = "com.apple.product-type.application";
		};
/* End PBXNativeTarget section */

/* Begin PBXProject section */
		2D78F4DB2942143B00BE80C7 /* Project object */ = {
			isa = PBXProject;
			attributes = {
				BuildIndependentTargetsInParallel = 1;
				LastSwiftUpdateCheck = 1410;
				LastUpgradeCheck = 1410;
				TargetAttributes = {
					2D78F4E22942143B00BE80C7 = {
						CreatedOnToolsVersion = 14.1;
					};
				};
			};
			buildConfigurationList = 2D78F4DE2942143B00BE80C7 /* Build configuration list for PBXProject "EffectiveMobileTest" */;
			compatibilityVersion = "Xcode 14.0";
			developmentRegion = en;
			hasScannedForEncodings = 0;
			knownRegions = (
				en,
				Base,
			);
			mainGroup = 2D78F4DA2942143B00BE80C7;
			productRefGroup = 2D78F4E42942143B00BE80C7 /* Products */;
			projectDirPath = "";
			projectRoot = "";
			targets = (
				2D78F4E22942143B00BE80C7 /* EffectiveMobileTest */,
			);
		};
/* End PBXProject section */

/* Begin PBXResourcesBuildPhase section */
		2D78F4E12942143B00BE80C7 /* Resources */ = {
			isa = PBXResourcesBuildPhase;
			buildActionMask = 2147483647;
			files = (
				2D78F4EE2942143D00BE80C7 /* Preview Assets.xcassets in Resources */,
				2D78F52229421C3C00BE80C7 /* MarkPro-Regular.ttf in Resources */,
				2D78F52029421C3300BE80C7 /* SF-Pro-Display.OTF in Resources */,
				2D78F52629421C4900BE80C7 /* MarkPro-Bold.ttf in Resources */,
				2D192ECD294317C600E6F34C /* Assets.xcassets in Resources */,
				2D78F52429421C4200BE80C7 /* MarkPro-Medium.ttf in Resources */,
			);
			runOnlyForDeploymentPostprocessing = 0;
		};
/* End PBXResourcesBuildPhase section */

/* Begin PBXSourcesBuildPhase section */
		2D78F4DF2942143B00BE80C7 /* Sources */ = {
			isa = PBXSourcesBuildPhase;
			buildActionMask = 2147483647;
			files = (
				2D78F5062942176E00BE80C7 /* AsyncImages.swift in Sources */,
				2D78F51929421A2400BE80C7 /* ColorHex.swift in Sources */,
				2D78F508294217B500BE80C7 /* CartPage.swift in Sources */,
				2D78F4F62942154600BE80C7 /* CartManager.swift in Sources */,
				2D78F4FC294215F100BE80C7 /* NetworkServiceManager.swift in Sources */,
				2D78F4E72942143B00BE80C7 /* EffectiveMobileTestApp.swift in Sources */,
				2D78F50C2942185700BE80C7 /* HomePage.swift in Sources */,
				2D78F4FA294215B200BE80C7 /* CategoryLoader.swift in Sources */,
				2D78F512294218DF00BE80C7 /* ProductCardPage.swift in Sources */,
				2D78F52829421C9F00BE80C7 /* CartModel.swift in Sources */,
				2D78F5002942164300BE80C7 /* ShopModel.swift in Sources */,
				2D78F5142942190F00BE80C7 /* ProfilePage.swift in Sources */,
				2D78F51B29421A3D00BE80C7 /* Color.swift in Sources */,
				2D78F51E29421BD400BE80C7 /* Font.swift in Sources */,
				2D78F5162942193200BE80C7 /* StepperSheet.swift in Sources */,
				2D78F503294216AB00BE80C7 /* LoadImage.swift in Sources */,
				2D78F4FE2942161A00BE80C7 /* ProductCartModel.swift in Sources */,
				2D78F50E2942187B00BE80C7 /* LikePage.swift in Sources */,
				2D78F510294218AA00BE80C7 /* LoadingPage.swift in Sources */,
				2D78F4F82942157600BE80C7 /* Category.swift in Sources */,
				2D78F50A294217E700BE80C7 /* FilterSheet.swift in Sources */,
			);
			runOnlyForDeploymentPostprocessing = 0;
		};
/* End PBXSourcesBuildPhase section */

/* Begin XCBuildConfiguration section */
		2D78F4EF2942143D00BE80C7 /* Debug */ = {
			isa = XCBuildConfiguration;
			buildSettings = {
				ALWAYS_SEARCH_USER_PATHS = NO;
				CLANG_ANALYZER_NONNULL = YES;
				CLANG_ANALYZER_NUMBER_OBJECT_CONVERSION = YES_AGGRESSIVE;
				CLANG_CXX_LANGUAGE_STANDARD = "gnu++20";
				CLANG_ENABLE_MODULES = YES;
				CLANG_ENABLE_OBJC_ARC = YES;
				CLANG_ENABLE_OBJC_WEAK = YES;
				CLANG_WARN_BLOCK_CAPTURE_AUTORELEASING = YES;
				CLANG_WARN_BOOL_CONVERSION = YES;
				CLANG_WARN_COMMA = YES;
				CLANG_WARN_CONSTANT_CONVERSION = YES;
				CLANG_WARN_DEPRECATED_OBJC_IMPLEMENTATIONS = YES;
				CLANG_WARN_DIRECT_OBJC_ISA_USAGE = YES_ERROR;
				CLANG_WARN_DOCUMENTATION_COMMENTS = YES;
				CLANG_WARN_EMPTY_BODY = YES;
				CLANG_WARN_ENUM_CONVERSION = YES;
				CLANG_WARN_INFINITE_RECURSION = YES;
				CLANG_WARN_INT_CONVERSION = YES;
				CLANG_WARN_NON_LITERAL_NULL_CONVERSION = YES;
				CLANG_WARN_OBJC_IMPLICIT_RETAIN_SELF = YES;
				CLANG_WARN_OBJC_LITERAL_CONVERSION = YES;
				CLANG_WARN_OBJC_ROOT_CLASS = YES_ERROR;
				CLANG_WARN_QUOTED_INCLUDE_IN_FRAMEWORK_HEADER = YES;
				CLANG_WARN_RANGE_LOOP_ANALYSIS = YES;
				CLANG_WARN_STRICT_PROTOTYPES = YES;
				CLANG_WARN_SUSPICIOUS_MOVE = YES;
				CLANG_WARN_UNGUARDED_AVAILABILITY = YES_AGGRESSIVE;
				CLANG_WARN_UNREACHABLE_CODE = YES;
				CLANG_WARN__DUPLICATE_METHOD_MATCH = YES;
				COPY_PHASE_STRIP = NO;
				DEBUG_INFORMATION_FORMAT = dwarf;
				ENABLE_STRICT_OBJC_MSGSEND = YES;
				ENABLE_TESTABILITY = YES;
				GCC_C_LANGUAGE_STANDARD = gnu11;
				GCC_DYNAMIC_NO_PIC = NO;
				GCC_NO_COMMON_BLOCKS = YES;
				GCC_OPTIMIZATION_LEVEL = 0;
				GCC_PREPROCESSOR_DEFINITIONS = (
					"DEBUG=1",
					"$(inherited)",
				);
				GCC_WARN_64_TO_32_BIT_CONVERSION = YES;
				GCC_WARN_ABOUT_RETURN_TYPE = YES_ERROR;
				GCC_WARN_UNDECLARED_SELECTOR = YES;
				GCC_WARN_UNINITIALIZED_AUTOS = YES_AGGRESSIVE;
				GCC_WARN_UNUSED_FUNCTION = YES;
				GCC_WARN_UNUSED_VARIABLE = YES;
				IPHONEOS_DEPLOYMENT_TARGET = 16.1;
				MTL_ENABLE_DEBUG_INFO = INCLUDE_SOURCE;
				MTL_FAST_MATH = YES;
				ONLY_ACTIVE_ARCH = YES;
				SDKROOT = iphoneos;
				SWIFT_ACTIVE_COMPILATION_CONDITIONS = DEBUG;
				SWIFT_OPTIMIZATION_LEVEL = "-Onone";
			};
			name = Debug;
		};
		2D78F4F02942143D00BE80C7 /* Release */ = {
			isa = XCBuildConfiguration;
			buildSettings = {
				ALWAYS_SEARCH_USER_PATHS = NO;
				CLANG_ANALYZER_NONNULL = YES;
				CLANG_ANALYZER_NUMBER_OBJECT_CONVERSION = YES_AGGRESSIVE;
				CLANG_CXX_LANGUAGE_STANDARD = "gnu++20";
				CLANG_ENABLE_MODULES = YES;
				CLANG_ENABLE_OBJC_ARC = YES;
				CLANG_ENABLE_OBJC_WEAK = YES;
				CLANG_WARN_BLOCK_CAPTURE_AUTORELEASING = YES;
				CLANG_WARN_BOOL_CONVERSION = YES;
				CLANG_WARN_COMMA = YES;
				CLANG_WARN_CONSTANT_CONVERSION = YES;
				CLANG_WARN_DEPRECATED_OBJC_IMPLEMENTATIONS = YES;
				CLANG_WARN_DIRECT_OBJC_ISA_USAGE = YES_ERROR;
				CLANG_WARN_DOCUMENTATION_COMMENTS = YES;
				CLANG_WARN_EMPTY_BODY = YES;
				CLANG_WARN_ENUM_CONVERSION = YES;
				CLANG_WARN_INFINITE_RECURSION = YES;
				CLANG_WARN_INT_CONVERSION = YES;
				CLANG_WARN_NON_LITERAL_NULL_CONVERSION = YES;
				CLANG_WARN_OBJC_IMPLICIT_RETAIN_SELF = YES;
				CLANG_WARN_OBJC_LITERAL_CONVERSION = YES;
				CLANG_WARN_OBJC_ROOT_CLASS = YES_ERROR;
				CLANG_WARN_QUOTED_INCLUDE_IN_FRAMEWORK_HEADER = YES;
				CLANG_WARN_RANGE_LOOP_ANALYSIS = YES;
				CLANG_WARN_STRICT_PROTOTYPES = YES;
				CLANG_WARN_SUSPICIOUS_MOVE = YES;
				CLANG_WARN_UNGUARDED_AVAILABILITY = YES_AGGRESSIVE;
				CLANG_WARN_UNREACHABLE_CODE = YES;
				CLANG_WARN__DUPLICATE_METHOD_MATCH = YES;
				COPY_PHASE_STRIP = NO;
				DEBUG_INFORMATION_FORMAT = "dwarf-with-dsym";
				ENABLE_NS_ASSERTIONS = NO;
				ENABLE_STRICT_OBJC_MSGSEND = YES;
				GCC_C_LANGUAGE_STANDARD = gnu11;
				GCC_NO_COMMON_BLOCKS = YES;
				GCC_WARN_64_TO_32_BIT_CONVERSION = YES;
				GCC_WARN_ABOUT_RETURN_TYPE = YES_ERROR;
				GCC_WARN_UNDECLARED_SELECTOR = YES;
				GCC_WARN_UNINITIALIZED_AUTOS = YES_AGGRESSIVE;
				GCC_WARN_UNUSED_FUNCTION = YES;
				GCC_WARN_UNUSED_VARIABLE = YES;
				IPHONEOS_DEPLOYMENT_TARGET = 16.1;
				MTL_ENABLE_DEBUG_INFO = NO;
				MTL_FAST_MATH = YES;
				SDKROOT = iphoneos;
				SWIFT_COMPILATION_MODE = wholemodule;
				SWIFT_OPTIMIZATION_LEVEL = "-O";
				VALIDATE_PRODUCT = YES;
			};
			name = Release;
		};
		2D78F4F22942143D00BE80C7 /* Debug */ = {
			isa = XCBuildConfiguration;
			buildSettings = {
				ASSETCATALOG_COMPILER_APPICON_NAME = AppIcon;
				ASSETCATALOG_COMPILER_GLOBAL_ACCENT_COLOR_NAME = AccentColor;
				CODE_SIGN_STYLE = Automatic;
				CURRENT_PROJECT_VERSION = 1;
				DEVELOPMENT_ASSET_PATHS = "\"EffectiveMobileTest/Preview Content\"";
				DEVELOPMENT_TEAM = QK8QAKANXC;
				ENABLE_PREVIEWS = YES;
				GENERATE_INFOPLIST_FILE = YES;
				INFOPLIST_FILE = EffectiveMobileTest/Info.plist;
				INFOPLIST_KEY_UILaunchScreen_Generation = YES;
				INFOPLIST_KEY_UISupportedInterfaceOrientations_iPad = "UIInterfaceOrientationPortrait UIInterfaceOrientationPortraitUpsideDown UIInterfaceOrientationLandscapeLeft UIInterfaceOrientationLandscapeRight";
				INFOPLIST_KEY_UISupportedInterfaceOrientations_iPhone = "UIInterfaceOrientationPortrait UIInterfaceOrientationLandscapeLeft UIInterfaceOrientationLandscapeRight";
				LD_RUNPATH_SEARCH_PATHS = (
					"$(inherited)",
					"@executable_path/Frameworks",
				);
				MARKETING_VERSION = 1.0;
				PRODUCT_BUNDLE_IDENTIFIER = sandytwix.EffectiveMobileTest;
				PRODUCT_NAME = "$(TARGET_NAME)";
				SWIFT_EMIT_LOC_STRINGS = YES;
				SWIFT_VERSION = 5.0;
				TARGETED_DEVICE_FAMILY = "1,2";
			};
			name = Debug;
		};
		2D78F4F32942143D00BE80C7 /* Release */ = {
			isa = XCBuildConfiguration;
			buildSettings = {
				ASSETCATALOG_COMPILER_APPICON_NAME = AppIcon;
				ASSETCATALOG_COMPILER_GLOBAL_ACCENT_COLOR_NAME = AccentColor;
				CODE_SIGN_STYLE = Automatic;
				CURRENT_PROJECT_VERSION = 1;
				DEVELOPMENT_ASSET_PATHS = "\"EffectiveMobileTest/Preview Content\"";
				DEVELOPMENT_TEAM = QK8QAKANXC;
				ENABLE_PREVIEWS = YES;
				GENERATE_INFOPLIST_FILE = YES;
				INFOPLIST_FILE = EffectiveMobileTest/Info.plist;
				INFOPLIST_KEY_UILaunchScreen_Generation = YES;
				INFOPLIST_KEY_UISupportedInterfaceOrientations_iPad = "UIInterfaceOrientationPortrait UIInterfaceOrientationPortraitUpsideDown UIInterfaceOrientationLandscapeLeft UIInterfaceOrientationLandscapeRight";
				INFOPLIST_KEY_UISupportedInterfaceOrientations_iPhone = "UIInterfaceOrientationPortrait UIInterfaceOrientationLandscapeLeft UIInterfaceOrientationLandscapeRight";
				LD_RUNPATH_SEARCH_PATHS = (
					"$(inherited)",
					"@executable_path/Frameworks",
				);
				MARKETING_VERSION = 1.0;
				PRODUCT_BUNDLE_IDENTIFIER = sandytwix.EffectiveMobileTest;
				PRODUCT_NAME = "$(TARGET_NAME)";
				SWIFT_EMIT_LOC_STRINGS = YES;
				SWIFT_VERSION = 5.0;
				TARGETED_DEVICE_FAMILY = "1,2";
			};
			name = Release;
		};
/* End XCBuildConfiguration section */

/* Begin XCConfigurationList section */
		2D78F4DE2942143B00BE80C7 /* Build configuration list for PBXProject "EffectiveMobileTest" */ = {
			isa = XCConfigurationList;
			buildConfigurations = (
				2D78F4EF2942143D00BE80C7 /* Debug */,
				2D78F4F02942143D00BE80C7 /* Release */,
			);
			defaultConfigurationIsVisible = 0;
			defaultConfigurationName = Release;
		};
		2D78F4F12942143D00BE80C7 /* Build configuration list for PBXNativeTarget "EffectiveMobileTest" */ = {
			isa = XCConfigurationList;
			buildConfigurations = (
				2D78F4F22942143D00BE80C7 /* Debug */,
				2D78F4F32942143D00BE80C7 /* Release */,
			);
			defaultConfigurationIsVisible = 0;
			defaultConfigurationName = Release;
		};
/* End XCConfigurationList section */
	};
	rootObject = 2D78F4DB2942143B00BE80C7 /* Project object */;
}
